
Microsoft Visual Studio Solution File, Format Version 12.00
# Visual Studio Version 16
VisualStudioVersion = 16.0.31205.134
MinimumVisualStudioVersion = 10.0.40219.1
Project("{8BC9CEB8-8B4A-11D0-8D11-00A0C91BC942}") = "GPM_UpdateLite", "GPM_UpdateLite\GPM_UpdateLite.vcxproj", "{620AD64E-9B78-4FAD-BA82-A569AE050C18}"
EndProject
Project("{8BC9CEB8-8B4A-11D0-8D11-00A0C91BC942}") = "GPM_Monitor", "GPM_Monitor\GPM_Monitor.vcxproj", "{96E57FBD-4459-4256-9088-44594AC3D5A0}"
EndProject
Project("{8BC9CEB8-8B4A-11D0-8D11-00A0C91BC942}") = "GPM_Vibration", "GPM_Vibration\GPM_Vibration.vcxproj", "{F0940A5F-369F-4F6F-A3FA-4095750CB5BC}"
EndProject
Project("{8BC9CEB8-8B4A-11D0-8D11-00A0C91BC942}") = "GPM_CanConsole", "GPM_CanConsole\GPM_CanConsole.vcxproj", "{968DE200-9444-40D3-AAC9-1D920388B621}"
EndProject
Project("{FAE04EC0-301F-11D3-BF4B-00C04F79EFBC}") = "GPM_TokenServer", "GPM_TokenServer\GPM_TokenServer.csproj", "{3E43CF94-4D76-4886-B2B9-B5DC20605FC6}"
EndProject
Project("{FAE04EC0-301F-11D3-BF4B-00C04F79EFBC}") = "GPM_GoogleApp", "GPM_GoogleApp\GPM_GoogleApp.csproj", "{075CD7C0-3906-4923-9676-43C8E5CDBAE8}"
EndProject
Project("{FAE04EC0-301F-11D3-BF4B-00C04F79EFBC}") = "GPM_MQTTClient2", "GPM_MQTTClient2\GPM_MQTTClient2.csproj", "{07CD1841-1440-435B-B5B1-0F8C1217FC38}"
EndProject
Global
	GlobalSection(SolutionConfigurationPlatforms) = preSolution
		Debug|Any CPU = Debug|Any CPU
		Debug|x64 = Debug|x64
		Debug|x86 = Debug|x86
		Release|Any CPU = Release|Any CPU
		Release|x64 = Release|x64
		Release|x86 = Release|x86
	EndGlobalSection
	GlobalSection(ProjectConfigurationPlatforms) = postSolution
		{620AD64E-9B78-4FAD-BA82-A569AE050C18}.Debug|Any CPU.ActiveCfg = Debug|Win32
		{620AD64E-9B78-4FAD-BA82-A569AE050C18}.Debug|x64.ActiveCfg = Debug|x64
		{620AD64E-9B78-4FAD-BA82-A569AE050C18}.Debug|x64.Build.0 = Debug|x64
		{620AD64E-9B78-4FAD-BA82-A569AE050C18}.Debug|x86.ActiveCfg = Debug|Win32
		{620AD64E-9B78-4FAD-BA82-A569AE050C18}.Debug|x86.Build.0 = Debug|Win32
		{620AD64E-9B78-4FAD-BA82-A569AE050C18}.Release|Any CPU.ActiveCfg = Release|Win32
		{620AD64E-9B78-4FAD-BA82-A569AE050C18}.Release|x64.ActiveCfg = Release|x64
		{620AD64E-9B78-4FAD-BA82-A569AE050C18}.Release|x64.Build.0 = Release|x64
		{620AD64E-9B78-4FAD-BA82-A569AE050C18}.Release|x86.ActiveCfg = Release|Win32
		{620AD64E-9B78-4FAD-BA82-A569AE050C18}.Release|x86.Build.0 = Release|Win32
		{96E57FBD-4459-4256-9088-44594AC3D5A0}.Debug|Any CPU.ActiveCfg = Debug|Win32
		{96E57FBD-4459-4256-9088-44594AC3D5A0}.Debug|x64.ActiveCfg = Debug|Win32
		{96E57FBD-4459-4256-9088-44594AC3D5A0}.Debug|x64.Build.0 = Debug|Win32
		{96E57FBD-4459-4256-9088-44594AC3D5A0}.Debug|x86.ActiveCfg = Debug|Win32
		{96E57FBD-4459-4256-9088-44594AC3D5A0}.Debug|x86.Build.0 = Debug|Win32
		{96E57FBD-4459-4256-9088-44594AC3D5A0}.Release|Any CPU.ActiveCfg = Release|Win32
		{96E57FBD-4459-4256-9088-44594AC3D5A0}.Release|x64.ActiveCfg = Release|Win32
		{96E57FBD-4459-4256-9088-44594AC3D5A0}.Release|x64.Build.0 = Release|Win32
		{96E57FBD-4459-4256-9088-44594AC3D5A0}.Release|x86.ActiveCfg = Release|Win32
		{96E57FBD-4459-4256-9088-44594AC3D5A0}.Release|x86.Build.0 = Release|Win32
		{F0940A5F-369F-4F6F-A3FA-4095750CB5BC}.Debug|Any CPU.ActiveCfg = Debug|Win32
		{F0940A5F-369F-4F6F-A3FA-4095750CB5BC}.Debug|x64.ActiveCfg = Debug|Win32
		{F0940A5F-369F-4F6F-A3FA-4095750CB5BC}.Debug|x64.Build.0 = Debug|Win32
		{F0940A5F-369F-4F6F-A3FA-4095750CB5BC}.Debug|x86.ActiveCfg = Debug|Win32
		{F0940A5F-369F-4F6F-A3FA-4095750CB5BC}.Debug|x86.Build.0 = Debug|Win32
		{F0940A5F-369F-4F6F-A3FA-4095750CB5BC}.Release|Any CPU.ActiveCfg = Release|Win32
		{F0940A5F-369F-4F6F-A3FA-4095750CB5BC}.Release|x64.ActiveCfg = Release|Win32
		{F0940A5F-369F-4F6F-A3FA-4095750CB5BC}.Release|x64.Build.0 = Release|Win32
		{F0940A5F-369F-4F6F-A3FA-4095750CB5BC}.Release|x86.ActiveCfg = Release|Win32
		{F0940A5F-369F-4F6F-A3FA-4095750CB5BC}.Release|x86.Build.0 = Release|Win32
		{968DE200-9444-40D3-AAC9-1D920388B621}.Debug|Any CPU.ActiveCfg = Debug|Win32
		{968DE200-9444-40D3-AAC9-1D920388B621}.Debug|x64.ActiveCfg = Debug|x64
		{968DE200-9444-40D3-AAC9-1D920388B621}.Debug|x64.Build.0 = Debug|x64
		{968DE200-9444-40D3-AAC9-1D920388B621}.Debug|x86.ActiveCfg = Debug|Win32
		{968DE200-9444-40D3-AAC9-1D920388B621}.Debug|x86.Build.0 = Debug|Win32
		{968DE200-9444-40D3-AAC9-1D920388B621}.Release|Any CPU.ActiveCfg = Release|Win32
		{968DE200-9444-40D3-AAC9-1D920388B621}.Release|x64.ActiveCfg = Release|x64
		{968DE200-9444-40D3-AAC9-1D920388B621}.Release|x64.Build.0 = Release|x64
		{968DE200-9444-40D3-AAC9-1D920388B621}.Release|x86.ActiveCfg = Release|Win32
		{968DE200-9444-40D3-AAC9-1D920388B621}.Release|x86.Build.0 = Release|Win32
		{3E43CF94-4D76-4886-B2B9-B5DC20605FC6}.Debug|Any CPU.ActiveCfg = Debug|Any CPU
		{3E43CF94-4D76-4886-B2B9-B5DC20605FC6}.Debug|Any CPU.Build.0 = Debug|Any CPU
		{3E43CF94-4D76-4886-B2B9-B5DC20605FC6}.Debug|x64.ActiveCfg = Debug|Any CPU
		{3E43CF94-4D76-4886-B2B9-B5DC20605FC6}.Debug|x64.Build.0 = Debug|Any CPU
		{3E43CF94-4D76-4886-B2B9-B5DC20605FC6}.Debug|x86.ActiveCfg = Debug|Any CPU
		{3E43CF94-4D76-4886-B2B9-B5DC20605FC6}.Debug|x86.Build.0 = Debug|Any CPU
		{3E43CF94-4D76-4886-B2B9-B5DC20605FC6}.Release|Any CPU.ActiveCfg = Release|Any CPU
		{3E43CF94-4D76-4886-B2B9-B5DC20605FC6}.Release|Any CPU.Build.0 = Release|Any CPU
		{3E43CF94-4D76-4886-B2B9-B5DC20605FC6}.Release|x64.ActiveCfg = Release|Any CPU
		{3E43CF94-4D76-4886-B2B9-B5DC20605FC6}.Release|x64.Build.0 = Release|Any CPU
		{3E43CF94-4D76-4886-B2B9-B5DC20605FC6}.Release|x86.ActiveCfg = Release|Any CPU
		{3E43CF94-4D76-4886-B2B9-B5DC20605FC6}.Release|x86.Build.0 = Release|Any CPU
		{075CD7C0-3906-4923-9676-43C8E5CDBAE8}.Debug|Any CPU.ActiveCfg = Debug|Any CPU
		{075CD7C0-3906-4923-9676-43C8E5CDBAE8}.Debug|Any CPU.Build.0 = Debug|Any CPU
		{075CD7C0-3906-4923-9676-43C8E5CDBAE8}.Debug|x64.ActiveCfg = Debug|Any CPU
		{075CD7C0-3906-4923-9676-43C8E5CDBAE8}.Debug|x64.Build.0 = Debug|Any CPU
		{075CD7C0-3906-4923-9676-43C8E5CDBAE8}.Debug|x86.ActiveCfg = Debug|Any CPU
		{075CD7C0-3906-4923-9676-43C8E5CDBAE8}.Debug|x86.Build.0 = Debug|Any CPU
		{075CD7C0-3906-4923-9676-43C8E5CDBAE8}.Release|Any CPU.ActiveCfg = Release|Any CPU
		{075CD7C0-3906-4923-9676-43C8E5CDBAE8}.Release|Any CPU.Build.0 = Release|Any CPU
		{075CD7C0-3906-4923-9676-43C8E5CDBAE8}.Release|x64.ActiveCfg = Release|Any CPU
		{075CD7C0-3906-4923-9676-43C8E5CDBAE8}.Release|x64.Build.0 = Release|Any CPU
		{075CD7C0-3906-4923-9676-43C8E5CDBAE8}.Release|x86.ActiveCfg = Release|Any CPU
		{075CD7C0-3906-4923-9676-43C8E5CDBAE8}.Release|x86.Build.0 = Release|Any CPU
		{07CD1841-1440-435B-B5B1-0F8C1217FC38}.Debug|Any CPU.ActiveCfg = Debug|Any CPU
		{07CD1841-1440-435B-B5B1-0F8C1217FC38}.Debug|Any CPU.Build.0 = Debug|Any CPU
		{07CD1841-1440-435B-B5B1-0F8C1217FC38}.Debug|x64.ActiveCfg = Debug|Any CPU
		{07CD1841-1440-435B-B5B1-0F8C1217FC38}.Debug|x64.Build.0 = Debug|Any CPU
		{07CD1841-1440-435B-B5B1-0F8C1217FC38}.Debug|x86.ActiveCfg = Debug|Any CPU
		{07CD1841-1440-435B-B5B1-0F8C1217FC38}.Debug|x86.Build.0 = Debug|Any CPU
		{07CD1841-1440-435B-B5B1-0F8C1217FC38}.Release|Any CPU.ActiveCfg = Release|Any CPU
		{07CD1841-1440-435B-B5B1-0F8C1217FC38}.Release|Any CPU.Build.0 = Release|Any CPU
		{07CD1841-1440-435B-B5B1-0F8C1217FC38}.Release|x64.ActiveCfg = Release|Any CPU
		{07CD1841-1440-435B-B5B1-0F8C1217FC38}.Release|x64.Build.0 = Release|Any CPU
		{07CD1841-1440-435B-B5B1-0F8C1217FC38}.Release|x86.ActiveCfg = Release|Any CPU
		{07CD1841-1440-435B-B5B1-0F8C1217FC38}.Release|x86.Build.0 = Release|Any CPU
	EndGlobalSection
	GlobalSection(SolutionProperties) = preSolution
		HideSolutionNode = FALSE
	EndGlobalSection
	GlobalSection(ExtensibilityGlobals) = postSolution
		SolutionGuid = {9FAB3976-B00E-4C88-BE2F-243327DD4EA7}
	EndGlobalSection
EndGlobal
