<?xml version="1.0" encoding="utf-8"?>
<Project ToolsVersion="4.0" xmlns="http://schemas.microsoft.com/developer/msbuild/2003">
  <ItemGroup>
    <ClCompile Include="GPM_Monitor.cpp">
      <Filter>Source Files</Filter>
    </ClCompile>
    <ClCompile Include="GPM_MonitorDlg.cpp">
      <Filter>Source Files</Filter>
    </ClCompile>
    <ClCompile Include="stdafx.cpp">
      <Filter>Source Files</Filter>
    </ClCompile>
    <ClCompile Include="GPM_MonitorThreads.cpp">
      <Filter>Source Files</Filter>
    </ClCompile>
    <ClCompile Include="GPM_AHRS.cpp">
      <Filter>Source Files</Filter>
    </ClCompile>
  </ItemGroup>
  <ItemGroup>
    <ClInclude Include="GPM_Monitor.h">
      <Filter>Header Files</Filter>
    </ClInclude>
    <ClInclude Include="GPM_MonitorDlg.h">
      <Filter>Header Files</Filter>
    </ClInclude>
    <ClInclude Include="stdafx.h">
      <Filter>Header Files</Filter>
    </ClInclude>
    <ClInclude Include="GPM_AHRS.h">
      <Filter>Header Files</Filter>
    </ClInclude>
    <ClInclude Include="hlp\HTMLDefines.h">
      <Filter>Help Files</Filter>
    </ClInclude>
  </ItemGroup>
  <ItemGroup>
    <Text Include="ReadMe.txt" />
  </ItemGroup>
  <ItemGroup>
    <Filter Include="Source Files">
      <UniqueIdentifier>{3ae7087a-8ceb-4e17-8233-cf8c7abe18d6}</UniqueIdentifier>
    </Filter>
    <Filter Include="Header Files">
      <UniqueIdentifier>{7b4137e5-7856-470a-b71a-8cd6cc50461b}</UniqueIdentifier>
    </Filter>
    <Filter Include="Help Files">
      <UniqueIdentifier>{96e809d9-3de5-49d4-9612-632e4abae293}</UniqueIdentifier>
    </Filter>
    <Filter Include="Resources">
      <UniqueIdentifier>{2dac941f-1871-4739-b426-9f7ee96a0107}</UniqueIdentifier>
    </Filter>
  </ItemGroup>
  <ItemGroup>
    <Image Include="res\GPM_Monitor.ico">
      <Filter>Resources</Filter>
    </Image>
  </ItemGroup>
  <ItemGroup>
    <ResourceCompile Include="GPM_Monitor.rc">
      <Filter>Resources</Filter>
    </ResourceCompile>
  </ItemGroup>
  <ItemGroup>
    <CustomBuild Include="Resource.h">
      <Filter>Resources</Filter>
    </CustomBuild>
  </ItemGroup>
  <ItemGroup>
    <None Include="hlp\GPM_Monitor.chm">
      <Filter>Help Files</Filter>
    </None>
    <None Include="hlp\GPM_Monitor.hhc">
      <Filter>Help Files</Filter>
    </None>
    <None Include="hlp\GPM_Monitor.hhk">
      <Filter>Help Files</Filter>
    </None>
    <None Include="hlp\GPM_Monitor.hhp">
      <Filter>Help Files</Filter>
    </None>
    <None Include="hlp\HIDD_ROOT_DIALOG.htm">
      <Filter>Help Files</Filter>
    </None>
  </ItemGroup>
</Project>